
Microsoft Visual Studio Solution File, Format Version 12.00
# Visual Studio Version 16
VisualStudioVersion = 16.0.31025.194
MinimumVisualStudioVersion = 10.0.40219.1
Project("{FAE04EC0-301F-11D3-BF4B-00C04F79EFBC}") = "salesforce-web-frontend", "salesforce-web-frontend\salesforce-web-frontend.csproj", "{E27A4984-F450-49E5-B6B1-C074335841EF}"
EndProject
Global
	GlobalSection(SolutionConfigurationPlatforms) = preSolution
		Debug|Any CPU = Debug|Any CPU
		Release|Any CPU = Release|Any CPU
	EndGlobalSection
	GlobalSection(ProjectConfigurationPlatforms) = postSolution
		{E27A4984-F450-49E5-B6B1-C074335841EF}.Debug|Any CPU.ActiveCfg = Debug|Any CPU
		{E27A4984-F450-49E5-B6B1-C074335841EF}.Debug|Any CPU.Build.0 = Debug|Any CPU
		{E27A4984-F450-49E5-B6B1-C074335841EF}.Release|Any CPU.ActiveCfg = Release|Any CPU
		{E27A4984-F450-49E5-B6B1-C074335841EF}.Release|Any CPU.Build.0 = Release|Any CPU
	EndGlobalSection
	GlobalSection(SolutionProperties) = preSolution
		HideSolutionNode = FALSE
	EndGlobalSection
	GlobalSection(ExtensibilityGlobals) = postSolution
		SolutionGuid = {3753B364-C14C-4D72-9A61-A572C9917FFB}
	EndGlobalSection
EndGlobal
